
Microsoft Visual Studio Solution File, Format Version 12.00
# Visual Studio Version 17
VisualStudioVersion = 17.5.33530.505
MinimumVisualStudioVersion = 10.0.40219.1
Project("{FAE04EC0-301F-11D3-BF4B-00C04F79EFBC}") = "Conference", "Conference.csproj", "{195FD094-8CBB-4E13-896C-CA1E8220578C}"
EndProject
Global
	GlobalSection(SolutionConfigurationPlatforms) = preSolution
		Debug|Any CPU = Debug|Any CPU
		Release|Any CPU = Release|Any CPU
	EndGlobalSection
	GlobalSection(ProjectConfigurationPlatforms) = postSolution
		{195FD094-8CBB-4E13-896C-CA1E8220578C}.Debug|Any CPU.ActiveCfg = Debug|Any CPU
		{195FD094-8CBB-4E13-896C-CA1E8220578C}.Debug|Any CPU.Build.0 = Debug|Any CPU
		{195FD094-8CBB-4E13-896C-CA1E8220578C}.Release|Any CPU.ActiveCfg = Release|Any CPU
		{195FD094-8CBB-4E13-896C-CA1E8220578C}.Release|Any CPU.Build.0 = Release|Any CPU
	EndGlobalSection
	GlobalSection(SolutionProperties) = preSolution
		HideSolutionNode = FALSE
	EndGlobalSection
	GlobalSection(ExtensibilityGlobals) = postSolution
		SolutionGuid = {74E80624-29F1-4A95-82A7-92579DA380D8}
	EndGlobalSection
EndGlobal
